
Microsoft Visual Studio Solution File, Format Version 12.00
# Visual Studio Version 17
VisualStudioVersion = 17.14.36221.1 d17.14
MinimumVisualStudioVersion = 10.0.40219.1
Project("{FAE04EC0-301F-11D3-BF4B-00C04F79EFBC}") = "Blog", "Blog.csproj", "{19A153F0-9001-4FCB-BB6C-CE41D773A6EE}"
EndProject
Global
	GlobalSection(SolutionConfigurationPlatforms) = preSolution
		Debug|Any CPU = Debug|Any CPU
		Release|Any CPU = Release|Any CPU
	EndGlobalSection
	GlobalSection(ProjectConfigurationPlatforms) = postSolution
		{19A153F0-9001-4FCB-BB6C-CE41D773A6EE}.Debug|Any CPU.ActiveCfg = Debug|Any CPU
		{19A153F0-9001-4FCB-BB6C-CE41D773A6EE}.Debug|Any CPU.Build.0 = Debug|Any CPU
		{19A153F0-9001-4FCB-BB6C-CE41D773A6EE}.Release|Any CPU.ActiveCfg = Release|Any CPU
		{19A153F0-9001-4FCB-BB6C-CE41D773A6EE}.Release|Any CPU.Build.0 = Release|Any CPU
	EndGlobalSection
	GlobalSection(SolutionProperties) = preSolution
		HideSolutionNode = FALSE
	EndGlobalSection
	GlobalSection(ExtensibilityGlobals) = postSolution
		SolutionGuid = {9A7B509B-FB7E-49F8-9289-1A2FBFCBF3C5}
	EndGlobalSection
EndGlobal
